// !$*UTF8*$!
{
	archiveVersion = 1;
	classes = {
	};
	objectVersion = 77;
	objects = {

/* Begin PBXBuildFile section */
		1E58EBD355CD262905414C5B /* TimerView.swift in Sources */ = {isa = PBXBuildFile; fileRef = DF99E57239D4D71B87840235 /* TimerView.swift */; };
		2E61AA6885F159A58591C278 /* StickyNoteView.swift in Sources */ = {isa = PBXBuildFile; fileRef = D93BDEA48650FA7A04F708DB /* StickyNoteView.swift */; };
		4520B10FC76C4332457425D1 /* Models.swift in Sources */ = {isa = PBXBuildFile; fileRef = 85B18F240C26BA63598B84FC /* Models.swift */; };
		566692F340340208C97269A2 /* LeeoKit in Frameworks */ = {isa = PBXBuildFile; productRef = 9205B987B4BB72ED1752239A /* LeeoKit */; };
		913A9E80196553D08A72B789 /* StickyPresenterSpec.swift in Sources */ = {isa = PBXBuildFile; fileRef = 018C95EA063E261ED87C0981 /* StickyPresenterSpec.swift */; };
		B5D2738A610477EAFEF6E4E1 /* StickyPresenterApp.swift in Sources */ = {isa = PBXBuildFile; fileRef = BB4D2110261E5FD4C4CFCBE4 /* StickyPresenterApp.swift */; };
		BC840BD162FFD3FABCABF04E /* StickyPresenterSupportView.swift in Sources */ = {isa = PBXBuildFile; fileRef = 8833C5645EA406C1B6D374FD /* StickyPresenterSupportView.swift */; };
		BD8A0E985F4D66222881B1A3 /* NoteManager.swift in Sources */ = {isa = PBXBuildFile; fileRef = EF4329275C9703866DAC1970 /* NoteManager.swift */; };
		F70D0A179ADFB07064549AF1 /* TeleprompterView.swift in Sources */ = {isa = PBXBuildFile; fileRef = E071E9DE16ADEA99C6891E0B /* TeleprompterView.swift */; };
		FD24403C7B6C1997E5A41B7A /* Assets.xcassets in Resources */ = {isa = PBXBuildFile; fileRef = 410D2C3E3B48D9CF561B79A0 /* Assets.xcassets */; };
/* End PBXBuildFile section */

/* Begin PBXFileReference section */
		018C95EA063E261ED87C0981 /* StickyPresenterSpec.swift */ = {isa = PBXFileReference; lastKnownFileType = sourcecode.swift; path = StickyPresenterSpec.swift; sourceTree = "<group>"; };
		13C3EEFCEFE7D5C993A311A0 /* StickyPresenter.app */ = {isa = PBXFileReference; explicitFileType = wrapper.application; includeInIndex = 0; path = StickyPresenter.app; sourceTree = BUILT_PRODUCTS_DIR; };
		297DE0A01465C4B2434B2050 /* LeeoKit */ = {isa = PBXFileReference; lastKnownFileType = folder; name = LeeoKit; path = ../LeeoKit; sourceTree = SOURCE_ROOT; };
		410D2C3E3B48D9CF561B79A0 /* Assets.xcassets */ = {isa = PBXFileReference; lastKnownFileType = folder.assetcatalog; path = Assets.xcassets; sourceTree = "<group>"; };
		85B18F240C26BA63598B84FC /* Models.swift */ = {isa = PBXFileReference; lastKnownFileType = sourcecode.swift; path = Models.swift; sourceTree = "<group>"; };
		8833C5645EA406C1B6D374FD /* StickyPresenterSupportView.swift */ = {isa = PBXFileReference; lastKnownFileType = sourcecode.swift; path = StickyPresenterSupportView.swift; sourceTree = "<group>"; };
		BB4D2110261E5FD4C4CFCBE4 /* StickyPresenterApp.swift */ = {isa = PBXFileReference; lastKnownFileType = sourcecode.swift; path = StickyPresenterApp.swift; sourceTree = "<group>"; };
		D93BDEA48650FA7A04F708DB /* StickyNoteView.swift */ = {isa = PBXFileReference; lastKnownFileType = sourcecode.swift; path = StickyNoteView.swift; sourceTree = "<group>"; };
		DF99E57239D4D71B87840235 /* TimerView.swift */ = {isa = PBXFileReference; lastKnownFileType = sourcecode.swift; path = TimerView.swift; sourceTree = "<group>"; };
		E071E9DE16ADEA99C6891E0B /* TeleprompterView.swift */ = {isa = PBXFileReference; lastKnownFileType = sourcecode.swift; path = TeleprompterView.swift; sourceTree = "<group>"; };
		EF4329275C9703866DAC1970 /* NoteManager.swift */ = {isa = PBXFileReference; lastKnownFileType = sourcecode.swift; path = NoteManager.swift; sourceTree = "<group>"; };
		F1F693E1CBCB5DD0A681806F /* Info.plist */ = {isa = PBXFileReference; lastKnownFileType = text.plist; path = Info.plist; sourceTree = "<group>"; };
/* End PBXFileReference section */

/* Begin PBXFrameworksBuildPhase section */
		CF6870F170B4B360DAFBD2AA /* Frameworks */ = {
			isa = PBXFrameworksBuildPhase;
			buildActionMask = 2147483647;
			files = (
				566692F340340208C97269A2 /* LeeoKit in Frameworks */,
			);
			runOnlyForDeploymentPostprocessing = 0;
		};
/* End PBXFrameworksBuildPhase section */

/* Begin PBXGroup section */
		27C2DC66DD7DBA83F2726807 /* Packages */ = {
			isa = PBXGroup;
			children = (
				297DE0A01465C4B2434B2050 /* LeeoKit */,
			);
			name = Packages;
			sourceTree = "<group>";
		};
		3ADF417140C9F07A946E64C3 /* Products */ = {
			isa = PBXGroup;
			children = (
				13C3EEFCEFE7D5C993A311A0 /* StickyPresenter.app */,
			);
			name = Products;
			sourceTree = "<group>";
		};
		7BCAE0F27A18C7ABDB17C839 /* StickyPresenter */ = {
			isa = PBXGroup;
			children = (
				410D2C3E3B48D9CF561B79A0 /* Assets.xcassets */,
				F1F693E1CBCB5DD0A681806F /* Info.plist */,
				85B18F240C26BA63598B84FC /* Models.swift */,
				EF4329275C9703866DAC1970 /* NoteManager.swift */,
				D93BDEA48650FA7A04F708DB /* StickyNoteView.swift */,
				BB4D2110261E5FD4C4CFCBE4 /* StickyPresenterApp.swift */,
				018C95EA063E261ED87C0981 /* StickyPresenterSpec.swift */,
				8833C5645EA406C1B6D374FD /* StickyPresenterSupportView.swift */,
				E071E9DE16ADEA99C6891E0B /* TeleprompterView.swift */,
				DF99E57239D4D71B87840235 /* TimerView.swift */,
			);
			path = StickyPresenter;
			sourceTree = "<group>";
		};
		93B576DEF5BFEEBEEF479A36 = {
			isa = PBXGroup;
			children = (
				27C2DC66DD7DBA83F2726807 /* Packages */,
				7BCAE0F27A18C7ABDB17C839 /* StickyPresenter */,
				3ADF417140C9F07A946E64C3 /* Products */,
			);
			sourceTree = "<group>";
		};
/* End PBXGroup section */

/* Begin PBXNativeTarget section */
		44900E0A1F5605936678A9A9 /* StickyPresenter */ = {
			isa = PBXNativeTarget;
			buildConfigurationList = E915D4E9C715945511F0DDAB /* Build configuration list for PBXNativeTarget "StickyPresenter" */;
			buildPhases = (
				131743CEEF115C44EDB569D2 /* Sources */,
				6EC80E7FF58A0A48423D75EE /* Resources */,
				CF6870F170B4B360DAFBD2AA /* Frameworks */,
			);
			buildRules = (
			);
			dependencies = (
			);
			name = StickyPresenter;
			packageProductDependencies = (
				9205B987B4BB72ED1752239A /* LeeoKit */,
			);
			productName = StickyPresenter;
			productReference = 13C3EEFCEFE7D5C993A311A0 /* StickyPresenter.app */;
			productType = "com.apple.product-type.application";
		};
/* End PBXNativeTarget section */

/* Begin PBXProject section */
		82FC3E309B7A314612293C39 /* Project object */ = {
			isa = PBXProject;
			attributes = {
				BuildIndependentTargetsInParallel = YES;
				LastUpgradeCheck = 1500;
				TargetAttributes = {
					44900E0A1F5605936678A9A9 = {
						DevelopmentTeam = "";
						ProvisioningStyle = Automatic;
					};
				};
			};
			buildConfigurationList = 68049B4B9F0D2A5E0338C590 /* Build configuration list for PBXProject "StickyPresenter" */;
			compatibilityVersion = "Xcode 14.0";
			developmentRegion = en;
			hasScannedForEncodings = 0;
			knownRegions = (
				Base,
				en,
			);
			mainGroup = 93B576DEF5BFEEBEEF479A36;
			minimizedProjectReferenceProxies = 1;
			packageReferences = (
				AA19762560C204377811FD94 /* XCRemoteSwiftPackageReference "LeeoKit" */,
			);
			preferredProjectObjectVersion = 77;
			productRefGroup = 3ADF417140C9F07A946E64C3 /* Products */;
			projectDirPath = "";
			projectRoot = "";
			targets = (
				44900E0A1F5605936678A9A9 /* StickyPresenter */,
			);
		};
/* End PBXProject section */

/* Begin PBXResourcesBuildPhase section */
		6EC80E7FF58A0A48423D75EE /* Resources */ = {
			isa = PBXResourcesBuildPhase;
			buildActionMask = 2147483647;
			files = (
				FD24403C7B6C1997E5A41B7A /* Assets.xcassets in Resources */,
			);
			runOnlyForDeploymentPostprocessing = 0;
		};
/* End PBXResourcesBuildPhase section */

/* Begin PBXSourcesBuildPhase section */
		131743CEEF115C44EDB569D2 /* Sources */ = {
			isa = PBXSourcesBuildPhase;
			buildActionMask = 2147483647;
			files = (
				4520B10FC76C4332457425D1 /* Models.swift in Sources */,
				BD8A0E985F4D66222881B1A3 /* NoteManager.swift in Sources */,
				2E61AA6885F159A58591C278 /* StickyNoteView.swift in Sources */,
				B5D2738A610477EAFEF6E4E1 /* StickyPresenterApp.swift in Sources */,
				913A9E80196553D08A72B789 /* StickyPresenterSpec.swift in Sources */,
				BC840BD162FFD3FABCABF04E /* StickyPresenterSupportView.swift in Sources */,
				F70D0A179ADFB07064549AF1 /* TeleprompterView.swift in Sources */,
				1E58EBD355CD262905414C5B /* TimerView.swift in Sources */,
			);
			runOnlyForDeploymentPostprocessing = 0;
		};
/* End PBXSourcesBuildPhase section */

/* Begin XCBuildConfiguration section */
		61589A6A844DBA4D2E70611E /* Debug */ = {
			isa = XCBuildConfiguration;
			buildSettings = {
				ASSETCATALOG_COMPILER_APPICON_NAME = AppIcon;
				CODE_SIGN_ENTITLEMENTS = StickyPresenter/StickyPresenter.entitlements;
				CODE_SIGN_STYLE = Automatic;
				COMBINE_HIDPI_IMAGES = YES;
				DEBUG_INFORMATION_FORMAT = dwarf;
				DEVELOPMENT_TEAM = "";
				ENABLE_APP_SANDBOX = NO;
				ENABLE_HARDENED_RUNTIME = YES;
				INFOPLIST_FILE = StickyPresenter/Info.plist;
				LD_RUNPATH_SEARCH_PATHS = (
					"$(inherited)",
					"@executable_path/../Frameworks",
				);
				MACOSX_DEPLOYMENT_TARGET = 14.0;
				PRODUCT_BUNDLE_IDENTIFIER = "com.gaebalja-ri.StickyPresenter";
				SDKROOT = macosx;
				SWIFT_ACTIVE_COMPILATION_CONDITIONS = DEBUG;
				SWIFT_EMIT_LOC_STRINGS = YES;
				SWIFT_OPTIMIZATION_LEVEL = "-Onone";
				SWIFT_VERSION = 5.9;
			};
			name = Debug;
		};
		6C94744B406D49F37763DD88 /* Release */ = {
			isa = XCBuildConfiguration;
			buildSettings = {
				ALWAYS_SEARCH_USER_PATHS = NO;
				CLANG_ANALYZER_NONNULL = YES;
				CLANG_ANALYZER_NUMBER_OBJECT_CONVERSION = YES_AGGRESSIVE;
				CLANG_CXX_LANGUAGE_STANDARD = "gnu++14";
				CLANG_CXX_LIBRARY = "libc++";
				CLANG_ENABLE_MODULES = YES;
				CLANG_ENABLE_OBJC_ARC = YES;
				CLANG_ENABLE_OBJC_WEAK = YES;
				CLANG_WARN_BLOCK_CAPTURE_AUTORELEASING = YES;
				CLANG_WARN_BOOL_CONVERSION = YES;
				CLANG_WARN_COMMA = YES;
				CLANG_WARN_CONSTANT_CONVERSION = YES;
				CLANG_WARN_DEPRECATED_OBJC_IMPLEMENTATIONS = YES;
				CLANG_WARN_DIRECT_OBJC_ISA_USAGE = YES_ERROR;
				CLANG_WARN_DOCUMENTATION_COMMENTS = YES;
				CLANG_WARN_EMPTY_BODY = YES;
				CLANG_WARN_ENUM_CONVERSION = YES;
				CLANG_WARN_INFINITE_RECURSION = YES;
				CLANG_WARN_INT_CONVERSION = YES;
				CLANG_WARN_NON_LITERAL_NULL_CONVERSION = YES;
				CLANG_WARN_OBJC_IMPLICIT_RETAIN_SELF = YES;
				CLANG_WARN_OBJC_LITERAL_CONVERSION = YES;
				CLANG_WARN_OBJC_ROOT_CLASS = YES_ERROR;
				CLANG_WARN_QUOTED_INCLUDE_IN_FRAMEWORK_HEADER = YES;
				CLANG_WARN_RANGE_LOOP_ANALYSIS = YES;
				CLANG_WARN_STRICT_PROTOTYPES = YES;
				CLANG_WARN_SUSPICIOUS_MOVE = YES;
				CLANG_WARN_UNGUARDED_AVAILABILITY = YES_AGGRESSIVE;
				CLANG_WARN_UNREACHABLE_CODE = YES;
				CLANG_WARN__DUPLICATE_METHOD_MATCH = YES;
				COPY_PHASE_STRIP = NO;
				DEBUG_INFORMATION_FORMAT = "dwarf-with-dsym";
				ENABLE_NS_ASSERTIONS = NO;
				ENABLE_STRICT_OBJC_MSGSEND = YES;
				GCC_C_LANGUAGE_STANDARD = gnu11;
				GCC_NO_COMMON_BLOCKS = YES;
				GCC_WARN_64_TO_32_BIT_CONVERSION = YES;
				GCC_WARN_ABOUT_RETURN_TYPE = YES_ERROR;
				GCC_WARN_UNDECLARED_SELECTOR = YES;
				GCC_WARN_UNINITIALIZED_AUTOS = YES_AGGRESSIVE;
				GCC_WARN_UNUSED_FUNCTION = YES;
				GCC_WARN_UNUSED_VARIABLE = YES;
				MACOSX_DEPLOYMENT_TARGET = 14.0;
				MTL_ENABLE_DEBUG_INFO = NO;
				MTL_FAST_MATH = YES;
				PRODUCT_NAME = "$(TARGET_NAME)";
				SDKROOT = macosx;
				SWIFT_COMPILATION_MODE = wholemodule;
				SWIFT_OPTIMIZATION_LEVEL = "-O";
				SWIFT_VERSION = 5.0;
			};
			name = Release;
		};
		9A2D26DA5E311F91F5CB2613 /* Release */ = {
			isa = XCBuildConfiguration;
			buildSettings = {
				ASSETCATALOG_COMPILER_APPICON_NAME = AppIcon;
				CODE_SIGN_ENTITLEMENTS = StickyPresenter/StickyPresenter.entitlements;
				CODE_SIGN_STYLE = Automatic;
				COMBINE_HIDPI_IMAGES = YES;
				COPY_PHASE_STRIP = NO;
				DEBUG_INFORMATION_FORMAT = "dwarf-with-dsym";
				DEVELOPMENT_TEAM = "";
				ENABLE_APP_SANDBOX = NO;
				ENABLE_HARDENED_RUNTIME = YES;
				INFOPLIST_FILE = StickyPresenter/Info.plist;
				LD_RUNPATH_SEARCH_PATHS = (
					"$(inherited)",
					"@executable_path/../Frameworks",
				);
				MACOSX_DEPLOYMENT_TARGET = 14.0;
				PRODUCT_BUNDLE_IDENTIFIER = "com.gaebalja-ri.StickyPresenter";
				SDKROOT = macosx;
				SWIFT_EMIT_LOC_STRINGS = YES;
				SWIFT_OPTIMIZATION_LEVEL = "-O";
				SWIFT_VERSION = 5.9;
			};
			name = Release;
		};
		AA32BC10683C9CED54488CDB /* Debug */ = {
			isa = XCBuildConfiguration;
			buildSettings = {
				ALWAYS_SEARCH_USER_PATHS = NO;
				CLANG_ANALYZER_NONNULL = YES;
				CLANG_ANALYZER_NUMBER_OBJECT_CONVERSION = YES_AGGRESSIVE;
				CLANG_CXX_LANGUAGE_STANDARD = "gnu++14";
				CLANG_CXX_LIBRARY = "libc++";
				CLANG_ENABLE_MODULES = YES;
				CLANG_ENABLE_OBJC_ARC = YES;
				CLANG_ENABLE_OBJC_WEAK = YES;
				CLANG_WARN_BLOCK_CAPTURE_AUTORELEASING = YES;
				CLANG_WARN_BOOL_CONVERSION = YES;
				CLANG_WARN_COMMA = YES;
				CLANG_WARN_CONSTANT_CONVERSION = YES;
				CLANG_WARN_DEPRECATED_OBJC_IMPLEMENTATIONS = YES;
				CLANG_WARN_DIRECT_OBJC_ISA_USAGE = YES_ERROR;
				CLANG_WARN_DOCUMENTATION_COMMENTS = YES;
				CLANG_WARN_EMPTY_BODY = YES;
				CLANG_WARN_ENUM_CONVERSION = YES;
				CLANG_WARN_INFINITE_RECURSION = YES;
				CLANG_WARN_INT_CONVERSION = YES;
				CLANG_WARN_NON_LITERAL_NULL_CONVERSION = YES;
				CLANG_WARN_OBJC_IMPLICIT_RETAIN_SELF = YES;
				CLANG_WARN_OBJC_LITERAL_CONVERSION = YES;
				CLANG_WARN_OBJC_ROOT_CLASS = YES_ERROR;
				CLANG_WARN_QUOTED_INCLUDE_IN_FRAMEWORK_HEADER = YES;
				CLANG_WARN_RANGE_LOOP_ANALYSIS = YES;
				CLANG_WARN_STRICT_PROTOTYPES = YES;
				CLANG_WARN_SUSPICIOUS_MOVE = YES;
				CLANG_WARN_UNGUARDED_AVAILABILITY = YES_AGGRESSIVE;
				CLANG_WARN_UNREACHABLE_CODE = YES;
				CLANG_WARN__DUPLICATE_METHOD_MATCH = YES;
				COPY_PHASE_STRIP = NO;
				DEBUG_INFORMATION_FORMAT = dwarf;
				ENABLE_STRICT_OBJC_MSGSEND = YES;
				ENABLE_TESTABILITY = YES;
				GCC_C_LANGUAGE_STANDARD = gnu11;
				GCC_DYNAMIC_NO_PIC = NO;
				GCC_NO_COMMON_BLOCKS = YES;
				GCC_OPTIMIZATION_LEVEL = 0;
				GCC_PREPROCESSOR_DEFINITIONS = (
					"$(inherited)",
					"DEBUG=1",
				);
				GCC_WARN_64_TO_32_BIT_CONVERSION = YES;
				GCC_WARN_ABOUT_RETURN_TYPE = YES_ERROR;
				GCC_WARN_UNDECLARED_SELECTOR = YES;
				GCC_WARN_UNINITIALIZED_AUTOS = YES_AGGRESSIVE;
				GCC_WARN_UNUSED_FUNCTION = YES;
				GCC_WARN_UNUSED_VARIABLE = YES;
				MACOSX_DEPLOYMENT_TARGET = 14.0;
				MTL_ENABLE_DEBUG_INFO = INCLUDE_SOURCE;
				MTL_FAST_MATH = YES;
				ONLY_ACTIVE_ARCH = YES;
				PRODUCT_NAME = "$(TARGET_NAME)";
				SDKROOT = macosx;
				SWIFT_ACTIVE_COMPILATION_CONDITIONS = DEBUG;
				SWIFT_OPTIMIZATION_LEVEL = "-Onone";
				SWIFT_VERSION = 5.0;
			};
			name = Debug;
		};
/* End XCBuildConfiguration section */

/* Begin XCConfigurationList section */
		68049B4B9F0D2A5E0338C590 /* Build configuration list for PBXProject "StickyPresenter" */ = {
			isa = XCConfigurationList;
			buildConfigurations = (
				AA32BC10683C9CED54488CDB /* Debug */,
				6C94744B406D49F37763DD88 /* Release */,
			);
			defaultConfigurationIsVisible = 0;
			defaultConfigurationName = Debug;
		};
		E915D4E9C715945511F0DDAB /* Build configuration list for PBXNativeTarget "StickyPresenter" */ = {
			isa = XCConfigurationList;
			buildConfigurations = (
				61589A6A844DBA4D2E70611E /* Debug */,
				9A2D26DA5E311F91F5CB2613 /* Release */,
			);
			defaultConfigurationIsVisible = 0;
			defaultConfigurationName = Debug;
		};
/* End XCConfigurationList section */

/* Begin XCRemoteSwiftPackageReference section */
		AA19762560C204377811FD94 /* XCRemoteSwiftPackageReference "LeeoKit" */ = {
			isa = XCRemoteSwiftPackageReference;
			repositoryURL = "https://github.com/M1zz/LeeoKit.git";
			requirement = {
				kind = upToNextMajorVersion;
				minimumVersion = 2.6.0;
			};
		};
/* End XCRemoteSwiftPackageReference section */

/* Begin XCSwiftPackageProductDependency section */
		9205B987B4BB72ED1752239A /* LeeoKit */ = {
			isa = XCSwiftPackageProductDependency;
			package = AA19762560C204377811FD94 /* XCRemoteSwiftPackageReference "LeeoKit" */;
			productName = LeeoKit;
		};
/* End XCSwiftPackageProductDependency section */
	};
	rootObject = 82FC3E309B7A314612293C39 /* Project object */;
}
